{
  "version": 1,
  "dependencies": {
    "net10.0": {
      "CalqFramework.Cli": {
        "type": "Direct",
        "requested": "[1.0.1, )",
        "resolved": "1.0.1",
        "contentHash": "Ml0YaI5GNEgtNdSHFZgDQHCc77NbrGaToYrH8+LYRtsOwrTeHyVmyEAAqHHIuVrrdtmtsEdPBG8dMGxKu/js0Q==",
        "dependencies": {
          "CalqFramework.DataAccess": "1.0.1"
        }
      },
      "Microsoft.Extensions.Caching.Abstractions": {
        "type": "Direct",
        "requested": "[9.0.0, )",
        "resolved": "9.0.0",
        "contentHash": "FPWZAa9c0H4dvOj351iR1jkUIs4u9ykL4Bm592yhjDyO5lCoWd+TMAHx2EMbarzUvCvgjWjJIoC6//Q9kH6YhA=="
      },
      "Microsoft.Extensions.Caching.Memory": {
        "type": "Direct",
        "requested": "[9.0.0, )",
        "resolved": "9.0.0",
        "contentHash": "zbnPX/JQ0pETRSUG9fNPBvpIq42Aufvs15gGYyNIMhCun9yhmWihz0WgsI7bSDPjxWTKBf8oX/zv6v2uZ3W9OQ=="
      },
      "Microsoft.Extensions.DependencyInjection.Abstractions": {
        "type": "Direct",
        "requested": "[9.0.0, )",
        "resolved": "9.0.0",
        "contentHash": "+6f2qv2a3dLwd5w6JanPIPs47CxRbnk+ZocMJUhv9NxP88VlOcJYZs9jY+MYSjxvady08bUZn6qgiNh7DadGgg=="
      },
      "Microsoft.Extensions.Http": {
        "type": "Direct",
        "requested": "[9.0.0, )",
        "resolved": "9.0.0",
        "contentHash": "DqI4q54U4hH7bIAq9M5a/hl5Odr/KBAoaZ0dcT4OgutD8dook34CbkvAfAIzkMVjYXiL+E5ul9etwwqiX4PHGw=="
      },
      "CalqFramework.DataAccess": {
        "type": "Transitive",
        "resolved": "1.0.1",
        "contentHash": "JZbOycuOhCFv82xsAoP4M43UJjI00GmK0LjVafiA6WolufqWN6eRWqbxKUp6yaxfJ13xSLM6NVHE6mmyBLnWCw=="
      },
      "calqframework.cmd": {
        "type": "Project"
      }
    }
  }
}